
Microsoft Visual Studio Solution File, Format Version 12.00
# Visual Studio 15
Project("{FAE04EC0-301F-11D3-BF4B-00C04F79EFBC}") = "Assembly-CSharp", "Assembly-CSharp.csproj", "{857DEA83-A206-CEC5-9C73-497359E3082D}"
EndProject
Project("{FAE04EC0-301F-11D3-BF4B-00C04F79EFBC}") = "Assembly-CSharp-Editor", "Assembly-CSharp-Editor.csproj", "{C94C7434-E205-68DD-DFEC-D5F64CF78CE1}"
EndProject
Global
	GlobalSection(SolutionConfigurationPlatforms) = preSolution
		Debug|Any CPU = Debug|Any CPU
		Release|Any CPU = Release|Any CPU
	EndGlobalSection
	GlobalSection(ProjectConfigurationPlatforms) = postSolution
		{857DEA83-A206-CEC5-9C73-497359E3082D}.Debug|Any CPU.ActiveCfg = Debug|Any CPU
		{857DEA83-A206-CEC5-9C73-497359E3082D}.Debug|Any CPU.Build.0 = Debug|Any CPU
		{857DEA83-A206-CEC5-9C73-497359E3082D}.Release|Any CPU.ActiveCfg = Release|Any CPU
		{857DEA83-A206-CEC5-9C73-497359E3082D}.Release|Any CPU.Build.0 = Release|Any CPU
		{C94C7434-E205-68DD-DFEC-D5F64CF78CE1}.Debug|Any CPU.ActiveCfg = Debug|Any CPU
		{C94C7434-E205-68DD-DFEC-D5F64CF78CE1}.Debug|Any CPU.Build.0 = Debug|Any CPU
		{C94C7434-E205-68DD-DFEC-D5F64CF78CE1}.Release|Any CPU.ActiveCfg = Release|Any CPU
		{C94C7434-E205-68DD-DFEC-D5F64CF78CE1}.Release|Any CPU.Build.0 = Release|Any CPU
	EndGlobalSection
	GlobalSection(SolutionProperties) = preSolution
		HideSolutionNode = FALSE
	EndGlobalSection
EndGlobal
